{
  "requires": true,
  "lockfileVersion": 1,
  "dependencies": {
    "gridstack": {
      "version": "7.1.1",
      "resolved": "https://registry.npmjs.org/gridstack/-/gridstack-7.1.1.tgz",
      "integrity": "sha512-ru+1mZ78aPwGZMIAMu3dAqSFhgiCiAPpciBrcK/ru9os0jtvvz1+/LGRn7Bv9gMENjflQAnM+RLTjLrjqsgNbg=="
    }
  }
}
